
Microsoft Visual Studio Solution File, Format Version 12.00
# Visual Studio Version 17
VisualStudioVersion = 17.3.32922.545
MinimumVisualStudioVersion = 10.0.40219.1
Project("{FAE04EC0-301F-11D3-BF4B-00C04F79EFBC}") = "JavaSSTCompiler", "JavaSSTCompiler\JavaSSTCompiler.csproj", "{25C4AB14-ECBF-4AB9-8573-B73402306E07}"
EndProject
Global
	GlobalSection(SolutionConfigurationPlatforms) = preSolution
		Debug|Any CPU = Debug|Any CPU
		Release|Any CPU = Release|Any CPU
	EndGlobalSection
	GlobalSection(ProjectConfigurationPlatforms) = postSolution
		{25C4AB14-ECBF-4AB9-8573-B73402306E07}.Debug|Any CPU.ActiveCfg = Debug|Any CPU
		{25C4AB14-ECBF-4AB9-8573-B73402306E07}.Debug|Any CPU.Build.0 = Debug|Any CPU
		{25C4AB14-ECBF-4AB9-8573-B73402306E07}.Release|Any CPU.ActiveCfg = Release|Any CPU
		{25C4AB14-ECBF-4AB9-8573-B73402306E07}.Release|Any CPU.Build.0 = Release|Any CPU
	EndGlobalSection
	GlobalSection(SolutionProperties) = preSolution
		HideSolutionNode = FALSE
	EndGlobalSection
	GlobalSection(ExtensibilityGlobals) = postSolution
		SolutionGuid = {709F3330-862A-4E96-A749-81658F961349}
	EndGlobalSection
EndGlobal
